
Microsoft Visual Studio Solution File, Format Version 12.00
# Visual Studio Version 17
VisualStudioVersion = 17.7.34221.43
MinimumVisualStudioVersion = 10.0.40219.1
Project("{FAE04EC0-301F-11D3-BF4B-00C04F79EFBC}") = "TopDownShooter", "TopDownShooter\TopDownShooter.csproj", "{B445710E-74A1-4C1A-8D8B-3B5DC07BD9C7}"
EndProject
Global
	GlobalSection(SolutionConfigurationPlatforms) = preSolution
		Debug|Any CPU = Debug|Any CPU
		Release|Any CPU = Release|Any CPU
	EndGlobalSection
	GlobalSection(ProjectConfigurationPlatforms) = postSolution
		{B445710E-74A1-4C1A-8D8B-3B5DC07BD9C7}.Debug|Any CPU.ActiveCfg = Debug|Any CPU
		{B445710E-74A1-4C1A-8D8B-3B5DC07BD9C7}.Debug|Any CPU.Build.0 = Debug|Any CPU
		{B445710E-74A1-4C1A-8D8B-3B5DC07BD9C7}.Release|Any CPU.ActiveCfg = Release|Any CPU
		{B445710E-74A1-4C1A-8D8B-3B5DC07BD9C7}.Release|Any CPU.Build.0 = Release|Any CPU
	EndGlobalSection
	GlobalSection(SolutionProperties) = preSolution
		HideSolutionNode = FALSE
	EndGlobalSection
	GlobalSection(ExtensibilityGlobals) = postSolution
		SolutionGuid = {4762E955-5007-4A9C-97B0-313A3AD8477A}
	EndGlobalSection
EndGlobal
